
Microsoft Visual Studio Solution File, Format Version 12.00
# Visual Studio Version 16
VisualStudioVersion = 16.0.31515.178
MinimumVisualStudioVersion = 10.0.40219.1
Project("{FAE04EC0-301F-11D3-BF4B-00C04F79EFBC}") = "PPUnity", "PPUnity.csproj", "{B4EB1F34-A03F-4E18-8461-769027C86947}"
EndProject
Global
	GlobalSection(SolutionConfigurationPlatforms) = preSolution
		Debug|Any CPU = Debug|Any CPU
		Release|Any CPU = Release|Any CPU
	EndGlobalSection
	GlobalSection(ProjectConfigurationPlatforms) = postSolution
		{B4EB1F34-A03F-4E18-8461-769027C86947}.Debug|Any CPU.ActiveCfg = Debug|Any CPU
		{B4EB1F34-A03F-4E18-8461-769027C86947}.Debug|Any CPU.Build.0 = Debug|Any CPU
		{B4EB1F34-A03F-4E18-8461-769027C86947}.Release|Any CPU.ActiveCfg = Release|Any CPU
		{B4EB1F34-A03F-4E18-8461-769027C86947}.Release|Any CPU.Build.0 = Release|Any CPU
	EndGlobalSection
	GlobalSection(SolutionProperties) = preSolution
		HideSolutionNode = FALSE
	EndGlobalSection
	GlobalSection(ExtensibilityGlobals) = postSolution
		SolutionGuid = {6B83E097-A3BE-44A1-A8A5-AB76324E0841}
	EndGlobalSection
EndGlobal
